
Microsoft Visual Studio Solution File, Format Version 12.00
# Visual Studio Version 17
VisualStudioVersion = 17.13.35931.197 d17.13
MinimumVisualStudioVersion = 10.0.40219.1
Project("{FAE04EC0-301F-11D3-BF4B-00C04F79EFBC}") = "TextRPG", "TextRPG.csproj", "{33F64227-E00C-4D31-8191-28596C42AAA3}"
EndProject
Global
	GlobalSection(SolutionConfigurationPlatforms) = preSolution
		Debug|Any CPU = Debug|Any CPU
		Release|Any CPU = Release|Any CPU
	EndGlobalSection
	GlobalSection(ProjectConfigurationPlatforms) = postSolution
		{33F64227-E00C-4D31-8191-28596C42AAA3}.Debug|Any CPU.ActiveCfg = Debug|Any CPU
		{33F64227-E00C-4D31-8191-28596C42AAA3}.Debug|Any CPU.Build.0 = Debug|Any CPU
		{33F64227-E00C-4D31-8191-28596C42AAA3}.Release|Any CPU.ActiveCfg = Release|Any CPU
		{33F64227-E00C-4D31-8191-28596C42AAA3}.Release|Any CPU.Build.0 = Release|Any CPU
	EndGlobalSection
	GlobalSection(SolutionProperties) = preSolution
		HideSolutionNode = FALSE
	EndGlobalSection
	GlobalSection(ExtensibilityGlobals) = postSolution
		SolutionGuid = {ACBC237A-8B5C-4CED-8A83-A6ACB75E91AF}
	EndGlobalSection
EndGlobal
